{
  "name": "day-03",
  "version": "1.0.0",
  "lockfileVersion": 1,
  "requires": true,
  "dependencies": {
    "node-unique-array": {
      "version": "0.0.6",
      "resolved": "https://registry.npmjs.org/node-unique-array/-/node-unique-array-0.0.6.tgz",
      "integrity": "sha1-UWaezJwxskjoSgAI/t2jX17H8ao="
    }
  }
}
