{
  "name": "day-06",
  "version": "1.0.0",
  "lockfileVersion": 1,
  "requires": true,
  "dependencies": {
    "hash-table": {
      "version": "0.1.0",
      "resolved": "https://registry.npmjs.org/hash-table/-/hash-table-0.1.0.tgz",
      "integrity": "sha1-CzKxcSX9mOb4oKPryq96HdWkOLg=",
      "requires": {
        "universal-hash-function": "0.1.0"
      }
    },
    "hashmap": {
      "version": "2.3.0",
      "resolved": "https://registry.npmjs.org/hashmap/-/hashmap-2.3.0.tgz",
      "integrity": "sha1-sT+2XafIul49uPwbjFuh0ASdryI="
    },
    "node-unique-array": {
      "version": "0.0.6",
      "resolved": "https://registry.npmjs.org/node-unique-array/-/node-unique-array-0.0.6.tgz",
      "integrity": "sha1-UWaezJwxskjoSgAI/t2jX17H8ao="
    },
    "object-hash": {
      "version": "1.2.0",
      "resolved": "https://registry.npmjs.org/object-hash/-/object-hash-1.2.0.tgz",
      "integrity": "sha512-smRWXzkvxw72VquyZ0wggySl7PFUtoDhvhpdwgESXxUrH7vVhhp9asfup1+rVLrhsl7L45Ee1Q/l5R2Ul4MwUg=="
    },
    "universal-hash-function": {
      "version": "0.1.0",
      "resolved": "https://registry.npmjs.org/universal-hash-function/-/universal-hash-function-0.1.0.tgz",
      "integrity": "sha1-WENeRdr6fGUFW2AVDICoo4nP9j0="
    }
  }
}
